
Microsoft Visual Studio Solution File, Format Version 12.00
# Visual Studio Version 16
VisualStudioVersion = 16.0.31205.134
MinimumVisualStudioVersion = 10.0.40219.1
Project("{9A19103F-16F7-4668-BE54-9A1E7A4F7556}") = "WPFResource", "HelloWPF\WPFResource.csproj", "{D78FFCCF-F305-423E-BDF3-2430463716B3}"
EndProject
Project("{FAE04EC0-301F-11D3-BF4B-00C04F79EFBC}") = "HandleException", "HandleException\HandleException.csproj", "{DFFBC2E2-C174-49BE-91B1-3EBDF50267CA}"
EndProject
Project("{FAE04EC0-301F-11D3-BF4B-00C04F79EFBC}") = "CultureSpec", "CultureSpec\CultureSpec.csproj", "{250A8A7F-599F-448C-9E8A-CD01F3D709EF}"
EndProject
Project("{FAE04EC0-301F-11D3-BF4B-00C04F79EFBC}") = "TextBlock", "TextBlock\TextBlock.csproj", "{58A77870-3579-418C-A732-CD3EF4BB194D}"
EndProject
Project("{FAE04EC0-301F-11D3-BF4B-00C04F79EFBC}") = "LabelControl", "LabelControl\LabelControl.csproj", "{C2BDBA3D-CCF0-4FF4-98F5-CB9DE9FDD7D6}"
EndProject
Global
	GlobalSection(SolutionConfigurationPlatforms) = preSolution
		Debug|Any CPU = Debug|Any CPU
		Release|Any CPU = Release|Any CPU
	EndGlobalSection
	GlobalSection(ProjectConfigurationPlatforms) = postSolution
		{D78FFCCF-F305-423E-BDF3-2430463716B3}.Debug|Any CPU.ActiveCfg = Debug|Any CPU
		{D78FFCCF-F305-423E-BDF3-2430463716B3}.Debug|Any CPU.Build.0 = Debug|Any CPU
		{D78FFCCF-F305-423E-BDF3-2430463716B3}.Release|Any CPU.ActiveCfg = Release|Any CPU
		{D78FFCCF-F305-423E-BDF3-2430463716B3}.Release|Any CPU.Build.0 = Release|Any CPU
		{DFFBC2E2-C174-49BE-91B1-3EBDF50267CA}.Debug|Any CPU.ActiveCfg = Debug|Any CPU
		{DFFBC2E2-C174-49BE-91B1-3EBDF50267CA}.Debug|Any CPU.Build.0 = Debug|Any CPU
		{DFFBC2E2-C174-49BE-91B1-3EBDF50267CA}.Release|Any CPU.ActiveCfg = Release|Any CPU
		{DFFBC2E2-C174-49BE-91B1-3EBDF50267CA}.Release|Any CPU.Build.0 = Release|Any CPU
		{250A8A7F-599F-448C-9E8A-CD01F3D709EF}.Debug|Any CPU.ActiveCfg = Debug|Any CPU
		{250A8A7F-599F-448C-9E8A-CD01F3D709EF}.Debug|Any CPU.Build.0 = Debug|Any CPU
		{250A8A7F-599F-448C-9E8A-CD01F3D709EF}.Release|Any CPU.ActiveCfg = Release|Any CPU
		{250A8A7F-599F-448C-9E8A-CD01F3D709EF}.Release|Any CPU.Build.0 = Release|Any CPU
		{58A77870-3579-418C-A732-CD3EF4BB194D}.Debug|Any CPU.ActiveCfg = Debug|Any CPU
		{58A77870-3579-418C-A732-CD3EF4BB194D}.Debug|Any CPU.Build.0 = Debug|Any CPU
		{58A77870-3579-418C-A732-CD3EF4BB194D}.Release|Any CPU.ActiveCfg = Release|Any CPU
		{58A77870-3579-418C-A732-CD3EF4BB194D}.Release|Any CPU.Build.0 = Release|Any CPU
		{C2BDBA3D-CCF0-4FF4-98F5-CB9DE9FDD7D6}.Debug|Any CPU.ActiveCfg = Debug|Any CPU
		{C2BDBA3D-CCF0-4FF4-98F5-CB9DE9FDD7D6}.Debug|Any CPU.Build.0 = Debug|Any CPU
		{C2BDBA3D-CCF0-4FF4-98F5-CB9DE9FDD7D6}.Release|Any CPU.ActiveCfg = Release|Any CPU
		{C2BDBA3D-CCF0-4FF4-98F5-CB9DE9FDD7D6}.Release|Any CPU.Build.0 = Release|Any CPU
	EndGlobalSection
	GlobalSection(SolutionProperties) = preSolution
		HideSolutionNode = FALSE
	EndGlobalSection
	GlobalSection(ExtensibilityGlobals) = postSolution
		SolutionGuid = {77ECEA49-D4B1-4E19-A120-EEF8DB85F09A}
	EndGlobalSection
EndGlobal
